
Microsoft Visual Studio Solution File, Format Version 12.00
# Visual Studio 15
VisualStudioVersion = 15.0.26228.9
MinimumVisualStudioVersion = 10.0.40219.1
Project("{9A19103F-16F7-4668-BE54-9A1E7A4F7556}") = "GraphQL.AutoTests", "test\Cooke.GraphQL.AutoTests\GraphQL.AutoTests.csproj", "{237AE7F8-9EDA-416F-8A30-871557024836}"
EndProject
Project("{9A19103F-16F7-4668-BE54-9A1E7A4F7556}") = "GraphQL", "src\Cooke.GraphQL\GraphQL.csproj", "{A2B15FB0-F643-4AFF-9E50-878F98C714AF}"
EndProject
Project("{9A19103F-16F7-4668-BE54-9A1E7A4F7556}") = "GraphQL.AspNetCore", "src\Cooke.GraphQL.AspNetCore\GraphQL.AspNetCore.csproj", "{7D358B96-9BFC-4A53-A273-2DE1D24D36FD}"
EndProject
Project("{9A19103F-16F7-4668-BE54-9A1E7A4F7556}") = "GraphQL.GraphiQLTestBench", "test\Cooke.GraphQL.GraphiQLTestBench\GraphQL.GraphiQLTestBench.csproj", "{7C149D1C-E9A8-4BCB-B360-8EB472992163}"
EndProject
Project("{2150E333-8FDC-42A3-9474-1A3956D46DE8}") = "src", "src", "{C6FCEB39-0CDF-4D76-9355-235FC9BE9C2E}"
EndProject
Project("{2150E333-8FDC-42A3-9474-1A3956D46DE8}") = "test", "test", "{DF172631-64AD-4151-AA51-8E3DD98C74B1}"
EndProject
Project("{9A19103F-16F7-4668-BE54-9A1E7A4F7556}") = "Cooke.GraphQL.IntegrationTests", "test\Cooke.GraphQL.IntegrationTests\Cooke.GraphQL.IntegrationTests.csproj", "{60F35223-C05C-4EDC-A9B6-817D82EE813C}"
EndProject
Global
	GlobalSection(SolutionConfigurationPlatforms) = preSolution
		Debug|Any CPU = Debug|Any CPU
		Release|Any CPU = Release|Any CPU
	EndGlobalSection
	GlobalSection(ProjectConfigurationPlatforms) = postSolution
		{237AE7F8-9EDA-416F-8A30-871557024836}.Debug|Any CPU.ActiveCfg = Debug|Any CPU
		{237AE7F8-9EDA-416F-8A30-871557024836}.Debug|Any CPU.Build.0 = Debug|Any CPU
		{237AE7F8-9EDA-416F-8A30-871557024836}.Release|Any CPU.ActiveCfg = Release|Any CPU
		{237AE7F8-9EDA-416F-8A30-871557024836}.Release|Any CPU.Build.0 = Release|Any CPU
		{A2B15FB0-F643-4AFF-9E50-878F98C714AF}.Debug|Any CPU.ActiveCfg = Debug|Any CPU
		{A2B15FB0-F643-4AFF-9E50-878F98C714AF}.Debug|Any CPU.Build.0 = Debug|Any CPU
		{A2B15FB0-F643-4AFF-9E50-878F98C714AF}.Release|Any CPU.ActiveCfg = Release|Any CPU
		{A2B15FB0-F643-4AFF-9E50-878F98C714AF}.Release|Any CPU.Build.0 = Release|Any CPU
		{7D358B96-9BFC-4A53-A273-2DE1D24D36FD}.Debug|Any CPU.ActiveCfg = Debug|Any CPU
		{7D358B96-9BFC-4A53-A273-2DE1D24D36FD}.Debug|Any CPU.Build.0 = Debug|Any CPU
		{7D358B96-9BFC-4A53-A273-2DE1D24D36FD}.Release|Any CPU.ActiveCfg = Release|Any CPU
		{7D358B96-9BFC-4A53-A273-2DE1D24D36FD}.Release|Any CPU.Build.0 = Release|Any CPU
		{7C149D1C-E9A8-4BCB-B360-8EB472992163}.Debug|Any CPU.ActiveCfg = Debug|Any CPU
		{7C149D1C-E9A8-4BCB-B360-8EB472992163}.Debug|Any CPU.Build.0 = Debug|Any CPU
		{7C149D1C-E9A8-4BCB-B360-8EB472992163}.Release|Any CPU.ActiveCfg = Release|Any CPU
		{7C149D1C-E9A8-4BCB-B360-8EB472992163}.Release|Any CPU.Build.0 = Release|Any CPU
		{60F35223-C05C-4EDC-A9B6-817D82EE813C}.Debug|Any CPU.ActiveCfg = Debug|Any CPU
		{60F35223-C05C-4EDC-A9B6-817D82EE813C}.Debug|Any CPU.Build.0 = Debug|Any CPU
		{60F35223-C05C-4EDC-A9B6-817D82EE813C}.Release|Any CPU.ActiveCfg = Release|Any CPU
		{60F35223-C05C-4EDC-A9B6-817D82EE813C}.Release|Any CPU.Build.0 = Release|Any CPU
	EndGlobalSection
	GlobalSection(SolutionProperties) = preSolution
		HideSolutionNode = FALSE
	EndGlobalSection
	GlobalSection(NestedProjects) = preSolution
		{237AE7F8-9EDA-416F-8A30-871557024836} = {DF172631-64AD-4151-AA51-8E3DD98C74B1}
		{A2B15FB0-F643-4AFF-9E50-878F98C714AF} = {C6FCEB39-0CDF-4D76-9355-235FC9BE9C2E}
		{7D358B96-9BFC-4A53-A273-2DE1D24D36FD} = {C6FCEB39-0CDF-4D76-9355-235FC9BE9C2E}
		{7C149D1C-E9A8-4BCB-B360-8EB472992163} = {DF172631-64AD-4151-AA51-8E3DD98C74B1}
		{60F35223-C05C-4EDC-A9B6-817D82EE813C} = {DF172631-64AD-4151-AA51-8E3DD98C74B1}
	EndGlobalSection
	GlobalSection(ExtensibilityGlobals) = postSolution
		SolutionGuid = {7F8177C3-2D83-4822-A667-9ADA3096AF15}
	EndGlobalSection
EndGlobal
